
Microsoft Visual Studio Solution File, Format Version 12.00
# Visual Studio Version 17
VisualStudioVersion = 17.3.32901.215
MinimumVisualStudioVersion = 10.0.40219.1
Project("{FAE04EC0-301F-11D3-BF4B-00C04F79EFBC}") = "WindowsFormsApp1", "WindowsFormsApp1\WindowsFormsApp1.csproj", "{D489300C-3AFC-4443-8E1E-F08FC334D1D0}"
EndProject
Global
	GlobalSection(SolutionConfigurationPlatforms) = preSolution
		Debug|Any CPU = Debug|Any CPU
		Release|Any CPU = Release|Any CPU
	EndGlobalSection
	GlobalSection(ProjectConfigurationPlatforms) = postSolution
		{D489300C-3AFC-4443-8E1E-F08FC334D1D0}.Debug|Any CPU.ActiveCfg = Debug|Any CPU
		{D489300C-3AFC-4443-8E1E-F08FC334D1D0}.Debug|Any CPU.Build.0 = Debug|Any CPU
		{D489300C-3AFC-4443-8E1E-F08FC334D1D0}.Release|Any CPU.ActiveCfg = Release|Any CPU
		{D489300C-3AFC-4443-8E1E-F08FC334D1D0}.Release|Any CPU.Build.0 = Release|Any CPU
	EndGlobalSection
	GlobalSection(SolutionProperties) = preSolution
		HideSolutionNode = FALSE
	EndGlobalSection
	GlobalSection(ExtensibilityGlobals) = postSolution
		SolutionGuid = {2947FE99-490B-4E1C-ABD9-42FFAE4F1962}
	EndGlobalSection
EndGlobal
